
Microsoft Visual Studio Solution File, Format Version 12.00
# Visual Studio Version 17
VisualStudioVersion = 17.5.002.0
MinimumVisualStudioVersion = 10.0.40219.1
Project("{9A19103F-16F7-4668-BE54-9A1E7A4F7556}") = "Blackjack", "Blackjack.csproj", "{24DDE930-C232-400F-BA04-7040FC6E3EDC}"
EndProject
Project("{FAE04EC0-301F-11D3-BF4B-00C04F79EFBC}") = "MyBlackjackMAUI", "..\MyBlackjackMAUI\MyBlackjackMAUI.csproj", "{F1DB5462-1839-4C89-9927-39D045A36C9D}"
EndProject
Project("{FAE04EC0-301F-11D3-BF4B-00C04F79EFBC}") = "BlackjackLogic", "..\BlackjackLogic\BlackjackLogic.csproj", "{62B42C5A-228C-4538-8942-99E126B852A3}"
EndProject
Global
	GlobalSection(SolutionConfigurationPlatforms) = preSolution
		Debug|Any CPU = Debug|Any CPU
		Release|Any CPU = Release|Any CPU
	EndGlobalSection
	GlobalSection(ProjectConfigurationPlatforms) = postSolution
		{24DDE930-C232-400F-BA04-7040FC6E3EDC}.Debug|Any CPU.ActiveCfg = Debug|Any CPU
		{24DDE930-C232-400F-BA04-7040FC6E3EDC}.Debug|Any CPU.Build.0 = Debug|Any CPU
		{24DDE930-C232-400F-BA04-7040FC6E3EDC}.Release|Any CPU.ActiveCfg = Release|Any CPU
		{24DDE930-C232-400F-BA04-7040FC6E3EDC}.Release|Any CPU.Build.0 = Release|Any CPU
		{F1DB5462-1839-4C89-9927-39D045A36C9D}.Debug|Any CPU.ActiveCfg = Debug|Any CPU
		{F1DB5462-1839-4C89-9927-39D045A36C9D}.Debug|Any CPU.Build.0 = Debug|Any CPU
		{F1DB5462-1839-4C89-9927-39D045A36C9D}.Debug|Any CPU.Deploy.0 = Debug|Any CPU
		{F1DB5462-1839-4C89-9927-39D045A36C9D}.Release|Any CPU.ActiveCfg = Release|Any CPU
		{F1DB5462-1839-4C89-9927-39D045A36C9D}.Release|Any CPU.Build.0 = Release|Any CPU
		{62B42C5A-228C-4538-8942-99E126B852A3}.Debug|Any CPU.ActiveCfg = Debug|Any CPU
		{62B42C5A-228C-4538-8942-99E126B852A3}.Debug|Any CPU.Build.0 = Debug|Any CPU
		{62B42C5A-228C-4538-8942-99E126B852A3}.Release|Any CPU.ActiveCfg = Release|Any CPU
		{62B42C5A-228C-4538-8942-99E126B852A3}.Release|Any CPU.Build.0 = Release|Any CPU
	EndGlobalSection
	GlobalSection(SolutionProperties) = preSolution
		HideSolutionNode = FALSE
	EndGlobalSection
	GlobalSection(ExtensibilityGlobals) = postSolution
		SolutionGuid = {986F0836-C439-4B3D-ABE4-4531B915ADBD}
	EndGlobalSection
EndGlobal
